
Microsoft Visual Studio Solution File, Format Version 12.00
Project("{2150E333-8FDC-42A3-9474-1A3956D46DE8}") = ".solutionItems", ".solutionItems", "{ED11822F-C87E-483F-8451-8BCC0BEDE419}"
	ProjectSection(SolutionItems) = preProject
		.editorconfig = .editorconfig
		.gitattributes = .gitattributes
		.gitignore = .gitignore
		LICENSE.md = LICENSE.md
		README.md = README.md
		Directory.Build.props = Directory.Build.props
		Directory.Build.targets = Directory.Build.targets
		NuGet.Build.props = NuGet.Build.props
		icon.png = icon.png
		mkdocs.yml = mkdocs.yml
	EndProjectSection
EndProject
Project("{2150E333-8FDC-42A3-9474-1A3956D46DE8}") = "src", "src", "{0377EBE6-F147-4233-86AD-32C821B9567E}"
EndProject
Project("{2150E333-8FDC-42A3-9474-1A3956D46DE8}") = "tests", "tests", "{6ED01F9D-5E12-4EB2-9601-64A2ADC719DE}"
	ProjectSection(SolutionItems) = preProject
		tests\Directory.Build.props = tests\Directory.Build.props
		tests\Directory.Build.targets = tests\Directory.Build.targets
		tests\SharedAssemblyAttributes.cs = tests\SharedAssemblyAttributes.cs
		tests\SharedUsings.cs = tests\SharedUsings.cs
	EndProjectSection
EndProject
Project("{FAE04EC0-301F-11D3-BF4B-00C04F79EFBC}") = "NexusMods.Hashing.xxHash64", "src\NexusMods.Hashing.xxHash64\NexusMods.Hashing.xxHash64.csproj", "{923E9347-1031-4EA4-8997-94D19E813CFF}"
EndProject
Project("{FAE04EC0-301F-11D3-BF4B-00C04F79EFBC}") = "NexusMods.Hashing.xxHash64.Tests", "tests\NexusMods.Hashing.xxHash64.Tests\NexusMods.Hashing.xxHash64.Tests.csproj", "{4E54BF1E-284D-472E-9F37-C7DE4BAD77A7}"
EndProject
Project("{FAE04EC0-301F-11D3-BF4B-00C04F79EFBC}") = "NexusMods.Hashing.xxHash64.Benchmarks", "src\NexusMods.Hashing.xxHash64.Benchmarks\NexusMods.Hashing.xxHash64.Benchmarks.csproj", "{DB2791E2-530D-44CF-8F16-07A55A08BA7E}"
EndProject
Project("{FAE04EC0-301F-11D3-BF4B-00C04F79EFBC}") = "NexusMods.Hashing.xxHash64.Paths", "src\NexusMods.Hashing.xxHash64.Paths\NexusMods.Hashing.xxHash64.Paths.csproj", "{589D89B2-DB0E-4CD5-9195-8173B235A8F8}"
EndProject
Project("{FAE04EC0-301F-11D3-BF4B-00C04F79EFBC}") = "NexusMods.Hashing.xxHash64.Paths.Tests", "tests\NexusMods.Hashing.xxHash64.Paths.Tests\NexusMods.Hashing.xxHash64.Paths.Tests.csproj", "{A7E36C18-C1A5-4781-8D19-7DDF28A1264B}"
EndProject
Global
	GlobalSection(SolutionConfigurationPlatforms) = preSolution
		Debug|Any CPU = Debug|Any CPU
		Release|Any CPU = Release|Any CPU
	EndGlobalSection
	GlobalSection(NestedProjects) = preSolution
		{923E9347-1031-4EA4-8997-94D19E813CFF} = {0377EBE6-F147-4233-86AD-32C821B9567E}
		{4E54BF1E-284D-472E-9F37-C7DE4BAD77A7} = {6ED01F9D-5E12-4EB2-9601-64A2ADC719DE}
		{DB2791E2-530D-44CF-8F16-07A55A08BA7E} = {0377EBE6-F147-4233-86AD-32C821B9567E}
		{589D89B2-DB0E-4CD5-9195-8173B235A8F8} = {0377EBE6-F147-4233-86AD-32C821B9567E}
		{A7E36C18-C1A5-4781-8D19-7DDF28A1264B} = {6ED01F9D-5E12-4EB2-9601-64A2ADC719DE}
	EndGlobalSection
	GlobalSection(ProjectConfigurationPlatforms) = postSolution
		{923E9347-1031-4EA4-8997-94D19E813CFF}.Debug|Any CPU.ActiveCfg = Debug|Any CPU
		{923E9347-1031-4EA4-8997-94D19E813CFF}.Debug|Any CPU.Build.0 = Debug|Any CPU
		{923E9347-1031-4EA4-8997-94D19E813CFF}.Release|Any CPU.ActiveCfg = Release|Any CPU
		{923E9347-1031-4EA4-8997-94D19E813CFF}.Release|Any CPU.Build.0 = Release|Any CPU
		{4E54BF1E-284D-472E-9F37-C7DE4BAD77A7}.Debug|Any CPU.ActiveCfg = Debug|Any CPU
		{4E54BF1E-284D-472E-9F37-C7DE4BAD77A7}.Debug|Any CPU.Build.0 = Debug|Any CPU
		{4E54BF1E-284D-472E-9F37-C7DE4BAD77A7}.Release|Any CPU.ActiveCfg = Release|Any CPU
		{4E54BF1E-284D-472E-9F37-C7DE4BAD77A7}.Release|Any CPU.Build.0 = Release|Any CPU
		{DB2791E2-530D-44CF-8F16-07A55A08BA7E}.Debug|Any CPU.ActiveCfg = Debug|Any CPU
		{DB2791E2-530D-44CF-8F16-07A55A08BA7E}.Debug|Any CPU.Build.0 = Debug|Any CPU
		{DB2791E2-530D-44CF-8F16-07A55A08BA7E}.Release|Any CPU.ActiveCfg = Release|Any CPU
		{DB2791E2-530D-44CF-8F16-07A55A08BA7E}.Release|Any CPU.Build.0 = Release|Any CPU
		{589D89B2-DB0E-4CD5-9195-8173B235A8F8}.Debug|Any CPU.ActiveCfg = Debug|Any CPU
		{589D89B2-DB0E-4CD5-9195-8173B235A8F8}.Debug|Any CPU.Build.0 = Debug|Any CPU
		{589D89B2-DB0E-4CD5-9195-8173B235A8F8}.Release|Any CPU.ActiveCfg = Release|Any CPU
		{589D89B2-DB0E-4CD5-9195-8173B235A8F8}.Release|Any CPU.Build.0 = Release|Any CPU
		{A7E36C18-C1A5-4781-8D19-7DDF28A1264B}.Debug|Any CPU.ActiveCfg = Debug|Any CPU
		{A7E36C18-C1A5-4781-8D19-7DDF28A1264B}.Debug|Any CPU.Build.0 = Debug|Any CPU
		{A7E36C18-C1A5-4781-8D19-7DDF28A1264B}.Release|Any CPU.ActiveCfg = Release|Any CPU
		{A7E36C18-C1A5-4781-8D19-7DDF28A1264B}.Release|Any CPU.Build.0 = Release|Any CPU
	EndGlobalSection
EndGlobal
